// !$*UTF8*$!
{
	archiveVersion = 1;
	classes = {
	};
	objectVersion = 56;
	objects = {

/* Begin PBXBuildFile section */
		E720F9072C988067009DB53A /* LogInScreen.swift in Sources */ = {isa = PBXBuildFile; fileRef = E720F9062C988067009DB53A /* LogInScreen.swift */; };
		E720F9092C988111009DB53A /* GoogleAuthorization.swift in Sources */ = {isa = PBXBuildFile; fileRef = E720F9082C988111009DB53A /* GoogleAuthorization.swift */; };
		E720F90E2C98A534009DB53A /* RegistrationScreen.swift in Sources */ = {isa = PBXBuildFile; fileRef = E720F90D2C98A534009DB53A /* RegistrationScreen.swift */; };
		E720F9112C98A616009DB53A /* ResetPasswordView.swift in Sources */ = {isa = PBXBuildFile; fileRef = E720F9102C98A616009DB53A /* ResetPasswordView.swift */; };
		E720F91A2C98B5C4009DB53A /* ResetPasswordScreen.swift in Sources */ = {isa = PBXBuildFile; fileRef = E720F9192C98B5C4009DB53A /* ResetPasswordScreen.swift */; };
		E720F91C2C98BA6D009DB53A /* RegistrationButtonView.swift in Sources */ = {isa = PBXBuildFile; fileRef = E720F91B2C98BA6D009DB53A /* RegistrationButtonView.swift */; };
		E720F91E2C98BCCA009DB53A /* GoogleSignButtonView.swift in Sources */ = {isa = PBXBuildFile; fileRef = E720F91D2C98BCCA009DB53A /* GoogleSignButtonView.swift */; };
		E744E9B42C9989AC0052C4D7 /* UserModel.swift in Sources */ = {isa = PBXBuildFile; fileRef = E744E9B32C9989AC0052C4D7 /* UserModel.swift */; };
		E744E9C12C99B44F0052C4D7 /* EditorTestScreen.swift in Sources */ = {isa = PBXBuildFile; fileRef = E744E9C02C99B44F0052C4D7 /* EditorTestScreen.swift */; };
		E744E9CD2C99F5C50052C4D7 /* LoginViewModel.swift in Sources */ = {isa = PBXBuildFile; fileRef = E744E9CC2C99F5C50052C4D7 /* LoginViewModel.swift */; };
		E744E9D12C99F9030052C4D7 /* RegistrationService.swift in Sources */ = {isa = PBXBuildFile; fileRef = E744E9D02C99F9030052C4D7 /* RegistrationService.swift */; };
		E744E9D32C99FD8D0052C4D7 /* RegistrationViewModel.swift in Sources */ = {isa = PBXBuildFile; fileRef = E744E9D22C99FD8D0052C4D7 /* RegistrationViewModel.swift */; };
		E744E9D62C9A18200052C4D7 /* LoginService.swift in Sources */ = {isa = PBXBuildFile; fileRef = E744E9D52C9A18200052C4D7 /* LoginService.swift */; };
		E74781642C9B9E0300EAB4E6 /* DrawingViewModel.swift in Sources */ = {isa = PBXBuildFile; fileRef = E747815A2C9B9E0300EAB4E6 /* DrawingViewModel.swift */; };
		E74781652C9B9E0300EAB4E6 /* Rendition.swift in Sources */ = {isa = PBXBuildFile; fileRef = E747815C2C9B9E0300EAB4E6 /* Rendition.swift */; };
		E74781662C9B9E0300EAB4E6 /* PracticeDrawing.swift in Sources */ = {isa = PBXBuildFile; fileRef = E747815D2C9B9E0300EAB4E6 /* PracticeDrawing.swift */; };
		E74781672C9B9E0300EAB4E6 /* CanvasView.swift in Sources */ = {isa = PBXBuildFile; fileRef = E747815F2C9B9E0300EAB4E6 /* CanvasView.swift */; };
		E74781682C9B9E0300EAB4E6 /* DrawingView.swift in Sources */ = {isa = PBXBuildFile; fileRef = E74781602C9B9E0300EAB4E6 /* DrawingView.swift */; };
		E74781692C9B9E0300EAB4E6 /* MasterpieceView.swift in Sources */ = {isa = PBXBuildFile; fileRef = E74781612C9B9E0300EAB4E6 /* MasterpieceView.swift */; };
		E747816A2C9B9E0300EAB4E6 /* MasterpieceSelectView.swift in Sources */ = {isa = PBXBuildFile; fileRef = E74781622C9B9E0300EAB4E6 /* MasterpieceSelectView.swift */; };
		E747816B2C9B9E0300EAB4E6 /* ShareSheet.swift in Sources */ = {isa = PBXBuildFile; fileRef = E74781632C9B9E0300EAB4E6 /* ShareSheet.swift */; };
		E75A3B012C98203B00981E69 /* PhotoEditorApp.swift in Sources */ = {isa = PBXBuildFile; fileRef = E75A3B002C98203B00981E69 /* PhotoEditorApp.swift */; };
		E75A3B032C98203B00981E69 /* ContentView.swift in Sources */ = {isa = PBXBuildFile; fileRef = E75A3B022C98203B00981E69 /* ContentView.swift */; };
		E75A3B052C98203D00981E69 /* Assets.xcassets in Resources */ = {isa = PBXBuildFile; fileRef = E75A3B042C98203D00981E69 /* Assets.xcassets */; };
		E75A3B082C98203D00981E69 /* Preview Assets.xcassets in Resources */ = {isa = PBXBuildFile; fileRef = E75A3B072C98203D00981E69 /* Preview Assets.xcassets */; };
		E75A3B112C9830DE00981E69 /* GoogleService-Info.plist in Resources */ = {isa = PBXBuildFile; fileRef = E75A3B102C9830DE00981E69 /* GoogleService-Info.plist */; };
		E7BB9EAC2C9AC70B00BFCD03 /* FirebaseAuth in Frameworks */ = {isa = PBXBuildFile; productRef = E7BB9EAB2C9AC70B00BFCD03 /* FirebaseAuth */; };
		E7BB9EAE2C9AC70B00BFCD03 /* FirebaseAuthCombine-Community in Frameworks */ = {isa = PBXBuildFile; productRef = E7BB9EAD2C9AC70B00BFCD03 /* FirebaseAuthCombine-Community */; };
		E7BB9EB02C9AC70B00BFCD03 /* FirebaseDatabase in Frameworks */ = {isa = PBXBuildFile; productRef = E7BB9EAF2C9AC70B00BFCD03 /* FirebaseDatabase */; };
		E7BB9EB22C9AC70B00BFCD03 /* FirebaseFirestore in Frameworks */ = {isa = PBXBuildFile; productRef = E7BB9EB12C9AC70B00BFCD03 /* FirebaseFirestore */; };
		E7BB9EB42C9AC70B00BFCD03 /* FirebaseStorage in Frameworks */ = {isa = PBXBuildFile; productRef = E7BB9EB32C9AC70B00BFCD03 /* FirebaseStorage */; };
		E7BB9EB72C9AC86D00BFCD03 /* GoogleSignIn in Frameworks */ = {isa = PBXBuildFile; productRef = E7BB9EB62C9AC86D00BFCD03 /* GoogleSignIn */; };
		E7BB9EB92C9AC86D00BFCD03 /* GoogleSignInSwift in Frameworks */ = {isa = PBXBuildFile; productRef = E7BB9EB82C9AC86D00BFCD03 /* GoogleSignInSwift */; };
		E7BB9EBB2C9AC95A00BFCD03 /* AppDelegate.swift in Sources */ = {isa = PBXBuildFile; fileRef = E7BB9EBA2C9AC95A00BFCD03 /* AppDelegate.swift */; };
		E7BB9EBE2C9ACB9100BFCD03 /* GoogleSignInService.swift in Sources */ = {isa = PBXBuildFile; fileRef = E7BB9EBD2C9ACB9100BFCD03 /* GoogleSignInService.swift */; };
		E7BB9EC02C9ACBA000BFCD03 /* GoogleSignInViewModel.swift in Sources */ = {isa = PBXBuildFile; fileRef = E7BB9EBF2C9ACBA000BFCD03 /* GoogleSignInViewModel.swift */; };
		E7BB9EC22C9ACDDC00BFCD03 /* ApplicationUtility.swift in Sources */ = {isa = PBXBuildFile; fileRef = E7BB9EC12C9ACDDC00BFCD03 /* ApplicationUtility.swift */; };
		E7BB9EC42C9AD51600BFCD03 /* GoogleSignInModalScreen.swift in Sources */ = {isa = PBXBuildFile; fileRef = E7BB9EC32C9AD51600BFCD03 /* GoogleSignInModalScreen.swift */; };
		E7D4F5D92C9A3DD300BC0310 /* ResetPasswordService.swift in Sources */ = {isa = PBXBuildFile; fileRef = E7D4F5D82C9A3DD300BC0310 /* ResetPasswordService.swift */; };
		E7D4F5DB2C9A3E5500BC0310 /* ResetPasswordViewModel.swift in Sources */ = {isa = PBXBuildFile; fileRef = E7D4F5DA2C9A3E5500BC0310 /* ResetPasswordViewModel.swift */; };
		E7ED08202C9BA16600579534 /* UIComponents in Frameworks */ = {isa = PBXBuildFile; productRef = E7ED081F2C9BA16600579534 /* UIComponents */; };
/* End PBXBuildFile section */

/* Begin PBXFileReference section */
		E720F9062C988067009DB53A /* LogInScreen.swift */ = {isa = PBXFileReference; lastKnownFileType = sourcecode.swift; path = LogInScreen.swift; sourceTree = "<group>"; };
		E720F9082C988111009DB53A /* GoogleAuthorization.swift */ = {isa = PBXFileReference; lastKnownFileType = sourcecode.swift; path = GoogleAuthorization.swift; sourceTree = "<group>"; };
		E720F90D2C98A534009DB53A /* RegistrationScreen.swift */ = {isa = PBXFileReference; lastKnownFileType = sourcecode.swift; path = RegistrationScreen.swift; sourceTree = "<group>"; };
		E720F9102C98A616009DB53A /* ResetPasswordView.swift */ = {isa = PBXFileReference; lastKnownFileType = sourcecode.swift; path = ResetPasswordView.swift; sourceTree = "<group>"; };
		E720F9192C98B5C4009DB53A /* ResetPasswordScreen.swift */ = {isa = PBXFileReference; lastKnownFileType = sourcecode.swift; path = ResetPasswordScreen.swift; sourceTree = "<group>"; };
		E720F91B2C98BA6D009DB53A /* RegistrationButtonView.swift */ = {isa = PBXFileReference; lastKnownFileType = sourcecode.swift; path = RegistrationButtonView.swift; sourceTree = "<group>"; };
		E720F91D2C98BCCA009DB53A /* GoogleSignButtonView.swift */ = {isa = PBXFileReference; lastKnownFileType = sourcecode.swift; path = GoogleSignButtonView.swift; sourceTree = "<group>"; };
		E744E9B32C9989AC0052C4D7 /* UserModel.swift */ = {isa = PBXFileReference; lastKnownFileType = sourcecode.swift; path = UserModel.swift; sourceTree = "<group>"; };
		E744E9C02C99B44F0052C4D7 /* EditorTestScreen.swift */ = {isa = PBXFileReference; lastKnownFileType = sourcecode.swift; path = EditorTestScreen.swift; sourceTree = "<group>"; };
		E744E9CC2C99F5C50052C4D7 /* LoginViewModel.swift */ = {isa = PBXFileReference; lastKnownFileType = sourcecode.swift; path = LoginViewModel.swift; sourceTree = "<group>"; };
		E744E9D02C99F9030052C4D7 /* RegistrationService.swift */ = {isa = PBXFileReference; lastKnownFileType = sourcecode.swift; path = RegistrationService.swift; sourceTree = "<group>"; };
		E744E9D22C99FD8D0052C4D7 /* RegistrationViewModel.swift */ = {isa = PBXFileReference; lastKnownFileType = sourcecode.swift; path = RegistrationViewModel.swift; sourceTree = "<group>"; };
		E744E9D52C9A18200052C4D7 /* LoginService.swift */ = {isa = PBXFileReference; lastKnownFileType = sourcecode.swift; path = LoginService.swift; sourceTree = "<group>"; };
		E747815A2C9B9E0300EAB4E6 /* DrawingViewModel.swift */ = {isa = PBXFileReference; fileEncoding = 4; lastKnownFileType = sourcecode.swift; path = DrawingViewModel.swift; sourceTree = "<group>"; };
		E747815C2C9B9E0300EAB4E6 /* Rendition.swift */ = {isa = PBXFileReference; fileEncoding = 4; lastKnownFileType = sourcecode.swift; path = Rendition.swift; sourceTree = "<group>"; };
		E747815D2C9B9E0300EAB4E6 /* PracticeDrawing.swift */ = {isa = PBXFileReference; fileEncoding = 4; lastKnownFileType = sourcecode.swift; path = PracticeDrawing.swift; sourceTree = "<group>"; };
		E747815F2C9B9E0300EAB4E6 /* CanvasView.swift */ = {isa = PBXFileReference; fileEncoding = 4; lastKnownFileType = sourcecode.swift; path = CanvasView.swift; sourceTree = "<group>"; };
		E74781602C9B9E0300EAB4E6 /* DrawingView.swift */ = {isa = PBXFileReference; fileEncoding = 4; lastKnownFileType = sourcecode.swift; path = DrawingView.swift; sourceTree = "<group>"; };
		E74781612C9B9E0300EAB4E6 /* MasterpieceView.swift */ = {isa = PBXFileReference; fileEncoding = 4; lastKnownFileType = sourcecode.swift; path = MasterpieceView.swift; sourceTree = "<group>"; };
		E74781622C9B9E0300EAB4E6 /* MasterpieceSelectView.swift */ = {isa = PBXFileReference; fileEncoding = 4; lastKnownFileType = sourcecode.swift; path = MasterpieceSelectView.swift; sourceTree = "<group>"; };
		E74781632C9B9E0300EAB4E6 /* ShareSheet.swift */ = {isa = PBXFileReference; fileEncoding = 4; lastKnownFileType = sourcecode.swift; path = ShareSheet.swift; sourceTree = "<group>"; };
		E747816D2C9BA04200EAB4E6 /* UIComponents */ = {isa = PBXFileReference; lastKnownFileType = wrapper; name = UIComponents; path = Modules/UIComponents; sourceTree = "<group>"; };
		E75A3AFD2C98203B00981E69 /* PhotoEditor.app */ = {isa = PBXFileReference; explicitFileType = wrapper.application; includeInIndex = 0; path = PhotoEditor.app; sourceTree = BUILT_PRODUCTS_DIR; };
		E75A3B002C98203B00981E69 /* PhotoEditorApp.swift */ = {isa = PBXFileReference; lastKnownFileType = sourcecode.swift; path = PhotoEditorApp.swift; sourceTree = "<group>"; };
		E75A3B022C98203B00981E69 /* ContentView.swift */ = {isa = PBXFileReference; lastKnownFileType = sourcecode.swift; path = ContentView.swift; sourceTree = "<group>"; };
		E75A3B042C98203D00981E69 /* Assets.xcassets */ = {isa = PBXFileReference; lastKnownFileType = folder.assetcatalog; path = Assets.xcassets; sourceTree = "<group>"; };
		E75A3B072C98203D00981E69 /* Preview Assets.xcassets */ = {isa = PBXFileReference; lastKnownFileType = folder.assetcatalog; path = "Preview Assets.xcassets"; sourceTree = "<group>"; };
		E75A3B102C9830DE00981E69 /* GoogleService-Info.plist */ = {isa = PBXFileReference; fileEncoding = 4; lastKnownFileType = text.plist.xml; path = "GoogleService-Info.plist"; sourceTree = "<group>"; };
		E75A3B122C9830FE00981E69 /* Info.plist */ = {isa = PBXFileReference; lastKnownFileType = text.plist; path = Info.plist; sourceTree = "<group>"; };
		E7BB9EBA2C9AC95A00BFCD03 /* AppDelegate.swift */ = {isa = PBXFileReference; lastKnownFileType = sourcecode.swift; path = AppDelegate.swift; sourceTree = "<group>"; };
		E7BB9EBD2C9ACB9100BFCD03 /* GoogleSignInService.swift */ = {isa = PBXFileReference; lastKnownFileType = sourcecode.swift; path = GoogleSignInService.swift; sourceTree = "<group>"; };
		E7BB9EBF2C9ACBA000BFCD03 /* GoogleSignInViewModel.swift */ = {isa = PBXFileReference; lastKnownFileType = sourcecode.swift; path = GoogleSignInViewModel.swift; sourceTree = "<group>"; };
		E7BB9EC12C9ACDDC00BFCD03 /* ApplicationUtility.swift */ = {isa = PBXFileReference; lastKnownFileType = sourcecode.swift; path = ApplicationUtility.swift; sourceTree = "<group>"; };
		E7BB9EC32C9AD51600BFCD03 /* GoogleSignInModalScreen.swift */ = {isa = PBXFileReference; lastKnownFileType = sourcecode.swift; path = GoogleSignInModalScreen.swift; sourceTree = "<group>"; };
		E7D4F5D82C9A3DD300BC0310 /* ResetPasswordService.swift */ = {isa = PBXFileReference; lastKnownFileType = sourcecode.swift; path = ResetPasswordService.swift; sourceTree = "<group>"; };
		E7D4F5DA2C9A3E5500BC0310 /* ResetPasswordViewModel.swift */ = {isa = PBXFileReference; lastKnownFileType = sourcecode.swift; path = ResetPasswordViewModel.swift; sourceTree = "<group>"; };
/* End PBXFileReference section */

/* Begin PBXFrameworksBuildPhase section */
		E75A3AFA2C98203B00981E69 /* Frameworks */ = {
			isa = PBXFrameworksBuildPhase;
			buildActionMask = 2147483647;
			files = (
				E7ED08202C9BA16600579534 /* UIComponents in Frameworks */,
				E7BB9EB02C9AC70B00BFCD03 /* FirebaseDatabase in Frameworks */,
				E7BB9EB22C9AC70B00BFCD03 /* FirebaseFirestore in Frameworks */,
				E7BB9EB92C9AC86D00BFCD03 /* GoogleSignInSwift in Frameworks */,
				E7BB9EAC2C9AC70B00BFCD03 /* FirebaseAuth in Frameworks */,
				E7BB9EB42C9AC70B00BFCD03 /* FirebaseStorage in Frameworks */,
				E7BB9EAE2C9AC70B00BFCD03 /* FirebaseAuthCombine-Community in Frameworks */,
				E7BB9EB72C9AC86D00BFCD03 /* GoogleSignIn in Frameworks */,
			);
			runOnlyForDeploymentPostprocessing = 0;
		};
/* End PBXFrameworksBuildPhase section */

/* Begin PBXGroup section */
		E720F8FF2C987EB8009DB53A /* Authorization */ = {
			isa = PBXGroup;
			children = (
				E744E9B22C99899A0052C4D7 /* Models */,
				E720F90A2C98811D009DB53A /* Screens */,
			);
			path = Authorization;
			sourceTree = "<group>";
		};
		E720F9002C987EC5009DB53A /* View */ = {
			isa = PBXGroup;
			children = (
				E720F91B2C98BA6D009DB53A /* RegistrationButtonView.swift */,
				E720F90D2C98A534009DB53A /* RegistrationScreen.swift */,
			);
			path = View;
			sourceTree = "<group>";
		};
		E720F9012C987EFC009DB53A /* View */ = {
			isa = PBXGroup;
			children = (
				E720F9062C988067009DB53A /* LogInScreen.swift */,
			);
			path = View;
			sourceTree = "<group>";
		};
		E720F9022C987F76009DB53A /* Views */ = {
			isa = PBXGroup;
			children = (
				E720F9082C988111009DB53A /* GoogleAuthorization.swift */,
				E720F91D2C98BCCA009DB53A /* GoogleSignButtonView.swift */,
				E7BB9EC32C9AD51600BFCD03 /* GoogleSignInModalScreen.swift */,
			);
			path = Views;
			sourceTree = "<group>";
		};
		E720F90A2C98811D009DB53A /* Screens */ = {
			isa = PBXGroup;
			children = (
				E744E9C42C99F5010052C4D7 /* Login */,
				E744E9C62C99F51F0052C4D7 /* ResetPassword */,
				E744E9C82C99F5430052C4D7 /* Registration */,
				E744E9CA2C99F5790052C4D7 /* GoogleSignIn */,
			);
			path = Screens;
			sourceTree = "<group>";
		};
		E720F90F2C98A605009DB53A /* Views */ = {
			isa = PBXGroup;
			children = (
				E720F9102C98A616009DB53A /* ResetPasswordView.swift */,
				E720F9192C98B5C4009DB53A /* ResetPasswordScreen.swift */,
			);
			path = Views;
			sourceTree = "<group>";
		};
		E744E9B22C99899A0052C4D7 /* Models */ = {
			isa = PBXGroup;
			children = (
				E744E9B32C9989AC0052C4D7 /* UserModel.swift */,
			);
			path = Models;
			sourceTree = "<group>";
		};
		E744E9C42C99F5010052C4D7 /* Login */ = {
			isa = PBXGroup;
			children = (
				E744E9D42C9A18040052C4D7 /* Services */,
				E744E9C52C99F50D0052C4D7 /* ViewModel */,
				E720F9012C987EFC009DB53A /* View */,
			);
			path = Login;
			sourceTree = "<group>";
		};
		E744E9C52C99F50D0052C4D7 /* ViewModel */ = {
			isa = PBXGroup;
			children = (
				E744E9CC2C99F5C50052C4D7 /* LoginViewModel.swift */,
			);
			path = ViewModel;
			sourceTree = "<group>";
		};
		E744E9C62C99F51F0052C4D7 /* ResetPassword */ = {
			isa = PBXGroup;
			children = (
				E7D4F5D72C9A3DA500BC0310 /* Services */,
				E744E9C72C99F52C0052C4D7 /* ViewModels */,
				E720F90F2C98A605009DB53A /* Views */,
			);
			path = ResetPassword;
			sourceTree = "<group>";
		};
		E744E9C72C99F52C0052C4D7 /* ViewModels */ = {
			isa = PBXGroup;
			children = (
				E7D4F5DA2C9A3E5500BC0310 /* ResetPasswordViewModel.swift */,
			);
			path = ViewModels;
			sourceTree = "<group>";
		};
		E744E9C82C99F5430052C4D7 /* Registration */ = {
			isa = PBXGroup;
			children = (
				E744E9CF2C99F8EE0052C4D7 /* Services */,
				E744E9C92C99F5580052C4D7 /* ViewModel */,
				E720F9002C987EC5009DB53A /* View */,
			);
			path = Registration;
			sourceTree = "<group>";
		};
		E744E9C92C99F5580052C4D7 /* ViewModel */ = {
			isa = PBXGroup;
			children = (
				E744E9D22C99FD8D0052C4D7 /* RegistrationViewModel.swift */,
			);
			path = ViewModel;
			sourceTree = "<group>";
		};
		E744E9CA2C99F5790052C4D7 /* GoogleSignIn */ = {
			isa = PBXGroup;
			children = (
				E7BB9EBC2C9ACB7D00BFCD03 /* Services */,
				E744E9CB2C99F5820052C4D7 /* ViewModels */,
				E720F9022C987F76009DB53A /* Views */,
			);
			path = GoogleSignIn;
			sourceTree = "<group>";
		};
		E744E9CB2C99F5820052C4D7 /* ViewModels */ = {
			isa = PBXGroup;
			children = (
				E7BB9EBF2C9ACBA000BFCD03 /* GoogleSignInViewModel.swift */,
			);
			path = ViewModels;
			sourceTree = "<group>";
		};
		E744E9CF2C99F8EE0052C4D7 /* Services */ = {
			isa = PBXGroup;
			children = (
				E744E9D02C99F9030052C4D7 /* RegistrationService.swift */,
			);
			path = Services;
			sourceTree = "<group>";
		};
		E744E9D42C9A18040052C4D7 /* Services */ = {
			isa = PBXGroup;
			children = (
				E744E9D52C9A18200052C4D7 /* LoginService.swift */,
			);
			path = Services;
			sourceTree = "<group>";
		};
		E74781582C9B9E0300EAB4E6 /* PhotoEiditorScreen */ = {
			isa = PBXGroup;
			children = (
				E74781592C9B9E0300EAB4E6 /* ViewModels */,
				E747815B2C9B9E0300EAB4E6 /* Models */,
				E747815E2C9B9E0300EAB4E6 /* Views */,
			);
			path = PhotoEiditorScreen;
			sourceTree = "<group>";
		};
		E74781592C9B9E0300EAB4E6 /* ViewModels */ = {
			isa = PBXGroup;
			children = (
				E747815A2C9B9E0300EAB4E6 /* DrawingViewModel.swift */,
			);
			path = ViewModels;
			sourceTree = "<group>";
		};
		E747815B2C9B9E0300EAB4E6 /* Models */ = {
			isa = PBXGroup;
			children = (
				E747815C2C9B9E0300EAB4E6 /* Rendition.swift */,
				E747815D2C9B9E0300EAB4E6 /* PracticeDrawing.swift */,
			);
			path = Models;
			sourceTree = "<group>";
		};
		E747815E2C9B9E0300EAB4E6 /* Views */ = {
			isa = PBXGroup;
			children = (
				E747815F2C9B9E0300EAB4E6 /* CanvasView.swift */,
				E74781602C9B9E0300EAB4E6 /* DrawingView.swift */,
				E74781612C9B9E0300EAB4E6 /* MasterpieceView.swift */,
				E74781622C9B9E0300EAB4E6 /* MasterpieceSelectView.swift */,
				E74781632C9B9E0300EAB4E6 /* ShareSheet.swift */,
			);
			path = Views;
			sourceTree = "<group>";
		};
		E75A3AF42C98203B00981E69 = {
			isa = PBXGroup;
			children = (
				E747816D2C9BA04200EAB4E6 /* UIComponents */,
				E75A3AFF2C98203B00981E69 /* PhotoEditor */,
				E75A3AFE2C98203B00981E69 /* Products */,
				E7ED081E2C9BA16600579534 /* Frameworks */,
			);
			sourceTree = "<group>";
		};
		E75A3AFE2C98203B00981E69 /* Products */ = {
			isa = PBXGroup;
			children = (
				E75A3AFD2C98203B00981E69 /* PhotoEditor.app */,
			);
			name = Products;
			sourceTree = "<group>";
		};
		E75A3AFF2C98203B00981E69 /* PhotoEditor */ = {
			isa = PBXGroup;
			children = (
				E75A3B002C98203B00981E69 /* PhotoEditorApp.swift */,
				E7BB9EBA2C9AC95A00BFCD03 /* AppDelegate.swift */,
				E7BB9EC12C9ACDDC00BFCD03 /* ApplicationUtility.swift */,
				E75A3B022C98203B00981E69 /* ContentView.swift */,
				E744E9C02C99B44F0052C4D7 /* EditorTestScreen.swift */,
				E74781582C9B9E0300EAB4E6 /* PhotoEiditorScreen */,
				E720F8FF2C987EB8009DB53A /* Authorization */,
				E75A3B042C98203D00981E69 /* Assets.xcassets */,
				E75A3B122C9830FE00981E69 /* Info.plist */,
				E75A3B102C9830DE00981E69 /* GoogleService-Info.plist */,
				E75A3B062C98203D00981E69 /* Preview Content */,
			);
			path = PhotoEditor;
			sourceTree = "<group>";
		};
		E75A3B062C98203D00981E69 /* Preview Content */ = {
			isa = PBXGroup;
			children = (
				E75A3B072C98203D00981E69 /* Preview Assets.xcassets */,
			);
			path = "Preview Content";
			sourceTree = "<group>";
		};
		E7BB9EBC2C9ACB7D00BFCD03 /* Services */ = {
			isa = PBXGroup;
			children = (
				E7BB9EBD2C9ACB9100BFCD03 /* GoogleSignInService.swift */,
			);
			path = Services;
			sourceTree = "<group>";
		};
		E7D4F5D72C9A3DA500BC0310 /* Services */ = {
			isa = PBXGroup;
			children = (
				E7D4F5D82C9A3DD300BC0310 /* ResetPasswordService.swift */,
			);
			path = Services;
			sourceTree = "<group>";
		};
		E7ED081E2C9BA16600579534 /* Frameworks */ = {
			isa = PBXGroup;
			children = (
			);
			name = Frameworks;
			sourceTree = "<group>";
		};
/* End PBXGroup section */

/* Begin PBXNativeTarget section */
		E75A3AFC2C98203B00981E69 /* PhotoEditor */ = {
			isa = PBXNativeTarget;
			buildConfigurationList = E75A3B0B2C98203D00981E69 /* Build configuration list for PBXNativeTarget "PhotoEditor" */;
			buildPhases = (
				E75A3AF92C98203B00981E69 /* Sources */,
				E75A3AFA2C98203B00981E69 /* Frameworks */,
				E75A3AFB2C98203B00981E69 /* Resources */,
			);
			buildRules = (
			);
			dependencies = (
			);
			name = PhotoEditor;
			packageProductDependencies = (
				E7BB9EAB2C9AC70B00BFCD03 /* FirebaseAuth */,
				E7BB9EAD2C9AC70B00BFCD03 /* FirebaseAuthCombine-Community */,
				E7BB9EAF2C9AC70B00BFCD03 /* FirebaseDatabase */,
				E7BB9EB12C9AC70B00BFCD03 /* FirebaseFirestore */,
				E7BB9EB32C9AC70B00BFCD03 /* FirebaseStorage */,
				E7BB9EB62C9AC86D00BFCD03 /* GoogleSignIn */,
				E7BB9EB82C9AC86D00BFCD03 /* GoogleSignInSwift */,
				E7ED081F2C9BA16600579534 /* UIComponents */,
			);
			productName = PhotoEditor;
			productReference = E75A3AFD2C98203B00981E69 /* PhotoEditor.app */;
			productType = "com.apple.product-type.application";
		};
/* End PBXNativeTarget section */

/* Begin PBXProject section */
		E75A3AF52C98203B00981E69 /* Project object */ = {
			isa = PBXProject;
			attributes = {
				BuildIndependentTargetsInParallel = 1;
				LastSwiftUpdateCheck = 1420;
				LastUpgradeCheck = 1420;
				TargetAttributes = {
					E75A3AFC2C98203B00981E69 = {
						CreatedOnToolsVersion = 14.2;
					};
				};
			};
			buildConfigurationList = E75A3AF82C98203B00981E69 /* Build configuration list for PBXProject "PhotoEditor" */;
			compatibilityVersion = "Xcode 14.0";
			developmentRegion = en;
			hasScannedForEncodings = 0;
			knownRegions = (
				en,
				Base,
			);
			mainGroup = E75A3AF42C98203B00981E69;
			packageReferences = (
				E7BB9EAA2C9AC70B00BFCD03 /* XCRemoteSwiftPackageReference "firebase-ios-sdk" */,
				E7BB9EB52C9AC86D00BFCD03 /* XCRemoteSwiftPackageReference "GoogleSignIn-iOS" */,
			);
			productRefGroup = E75A3AFE2C98203B00981E69 /* Products */;
			projectDirPath = "";
			projectRoot = "";
			targets = (
				E75A3AFC2C98203B00981E69 /* PhotoEditor */,
			);
		};
/* End PBXProject section */

/* Begin PBXResourcesBuildPhase section */
		E75A3AFB2C98203B00981E69 /* Resources */ = {
			isa = PBXResourcesBuildPhase;
			buildActionMask = 2147483647;
			files = (
				E75A3B082C98203D00981E69 /* Preview Assets.xcassets in Resources */,
				E75A3B052C98203D00981E69 /* Assets.xcassets in Resources */,
				E75A3B112C9830DE00981E69 /* GoogleService-Info.plist in Resources */,
			);
			runOnlyForDeploymentPostprocessing = 0;
		};
/* End PBXResourcesBuildPhase section */

/* Begin PBXSourcesBuildPhase section */
		E75A3AF92C98203B00981E69 /* Sources */ = {
			isa = PBXSourcesBuildPhase;
			buildActionMask = 2147483647;
			files = (
				E7BB9EBB2C9AC95A00BFCD03 /* AppDelegate.swift in Sources */,
				E720F91A2C98B5C4009DB53A /* ResetPasswordScreen.swift in Sources */,
				E74781672C9B9E0300EAB4E6 /* CanvasView.swift in Sources */,
				E720F90E2C98A534009DB53A /* RegistrationScreen.swift in Sources */,
				E74781682C9B9E0300EAB4E6 /* DrawingView.swift in Sources */,
				E744E9D32C99FD8D0052C4D7 /* RegistrationViewModel.swift in Sources */,
				E720F9072C988067009DB53A /* LogInScreen.swift in Sources */,
				E7D4F5DB2C9A3E5500BC0310 /* ResetPasswordViewModel.swift in Sources */,
				E747816A2C9B9E0300EAB4E6 /* MasterpieceSelectView.swift in Sources */,
				E74781662C9B9E0300EAB4E6 /* PracticeDrawing.swift in Sources */,
				E74781652C9B9E0300EAB4E6 /* Rendition.swift in Sources */,
				E744E9D12C99F9030052C4D7 /* RegistrationService.swift in Sources */,
				E7BB9EC02C9ACBA000BFCD03 /* GoogleSignInViewModel.swift in Sources */,
				E744E9D62C9A18200052C4D7 /* LoginService.swift in Sources */,
				E720F9112C98A616009DB53A /* ResetPasswordView.swift in Sources */,
				E720F9092C988111009DB53A /* GoogleAuthorization.swift in Sources */,
				E744E9C12C99B44F0052C4D7 /* EditorTestScreen.swift in Sources */,
				E74781642C9B9E0300EAB4E6 /* DrawingViewModel.swift in Sources */,
				E75A3B032C98203B00981E69 /* ContentView.swift in Sources */,
				E747816B2C9B9E0300EAB4E6 /* ShareSheet.swift in Sources */,
				E7D4F5D92C9A3DD300BC0310 /* ResetPasswordService.swift in Sources */,
				E744E9CD2C99F5C50052C4D7 /* LoginViewModel.swift in Sources */,
				E7BB9EC22C9ACDDC00BFCD03 /* ApplicationUtility.swift in Sources */,
				E7BB9EC42C9AD51600BFCD03 /* GoogleSignInModalScreen.swift in Sources */,
				E744E9B42C9989AC0052C4D7 /* UserModel.swift in Sources */,
				E720F91C2C98BA6D009DB53A /* RegistrationButtonView.swift in Sources */,
				E720F91E2C98BCCA009DB53A /* GoogleSignButtonView.swift in Sources */,
				E75A3B012C98203B00981E69 /* PhotoEditorApp.swift in Sources */,
				E74781692C9B9E0300EAB4E6 /* MasterpieceView.swift in Sources */,
				E7BB9EBE2C9ACB9100BFCD03 /* GoogleSignInService.swift in Sources */,
			);
			runOnlyForDeploymentPostprocessing = 0;
		};
/* End PBXSourcesBuildPhase section */

/* Begin XCBuildConfiguration section */
		E75A3B092C98203D00981E69 /* Debug */ = {
			isa = XCBuildConfiguration;
			buildSettings = {
				ALWAYS_SEARCH_USER_PATHS = NO;
				CLANG_ANALYZER_NONNULL = YES;
				CLANG_ANALYZER_NUMBER_OBJECT_CONVERSION = YES_AGGRESSIVE;
				CLANG_CXX_LANGUAGE_STANDARD = "gnu++20";
				CLANG_ENABLE_MODULES = YES;
				CLANG_ENABLE_OBJC_ARC = YES;
				CLANG_ENABLE_OBJC_WEAK = YES;
				CLANG_WARN_BLOCK_CAPTURE_AUTORELEASING = YES;
				CLANG_WARN_BOOL_CONVERSION = YES;
				CLANG_WARN_COMMA = YES;
				CLANG_WARN_CONSTANT_CONVERSION = YES;
				CLANG_WARN_DEPRECATED_OBJC_IMPLEMENTATIONS = YES;
				CLANG_WARN_DIRECT_OBJC_ISA_USAGE = YES_ERROR;
				CLANG_WARN_DOCUMENTATION_COMMENTS = YES;
				CLANG_WARN_EMPTY_BODY = YES;
				CLANG_WARN_ENUM_CONVERSION = YES;
				CLANG_WARN_INFINITE_RECURSION = YES;
				CLANG_WARN_INT_CONVERSION = YES;
				CLANG_WARN_NON_LITERAL_NULL_CONVERSION = YES;
				CLANG_WARN_OBJC_IMPLICIT_RETAIN_SELF = YES;
				CLANG_WARN_OBJC_LITERAL_CONVERSION = YES;
				CLANG_WARN_OBJC_ROOT_CLASS = YES_ERROR;
				CLANG_WARN_QUOTED_INCLUDE_IN_FRAMEWORK_HEADER = YES;
				CLANG_WARN_RANGE_LOOP_ANALYSIS = YES;
				CLANG_WARN_STRICT_PROTOTYPES = YES;
				CLANG_WARN_SUSPICIOUS_MOVE = YES;
				CLANG_WARN_UNGUARDED_AVAILABILITY = YES_AGGRESSIVE;
				CLANG_WARN_UNREACHABLE_CODE = YES;
				CLANG_WARN__DUPLICATE_METHOD_MATCH = YES;
				COPY_PHASE_STRIP = NO;
				DEBUG_INFORMATION_FORMAT = dwarf;
				ENABLE_STRICT_OBJC_MSGSEND = YES;
				ENABLE_TESTABILITY = YES;
				GCC_C_LANGUAGE_STANDARD = gnu11;
				GCC_DYNAMIC_NO_PIC = NO;
				GCC_NO_COMMON_BLOCKS = YES;
				GCC_OPTIMIZATION_LEVEL = 0;
				GCC_PREPROCESSOR_DEFINITIONS = (
					"DEBUG=1",
					"$(inherited)",
				);
				GCC_WARN_64_TO_32_BIT_CONVERSION = YES;
				GCC_WARN_ABOUT_RETURN_TYPE = YES_ERROR;
				GCC_WARN_UNDECLARED_SELECTOR = YES;
				GCC_WARN_UNINITIALIZED_AUTOS = YES_AGGRESSIVE;
				GCC_WARN_UNUSED_FUNCTION = YES;
				GCC_WARN_UNUSED_VARIABLE = YES;
				IPHONEOS_DEPLOYMENT_TARGET = 14.0;
				MTL_ENABLE_DEBUG_INFO = INCLUDE_SOURCE;
				MTL_FAST_MATH = YES;
				ONLY_ACTIVE_ARCH = YES;
				SDKROOT = iphoneos;
				SWIFT_ACTIVE_COMPILATION_CONDITIONS = DEBUG;
				SWIFT_OPTIMIZATION_LEVEL = "-Onone";
			};
			name = Debug;
		};
		E75A3B0A2C98203D00981E69 /* Release */ = {
			isa = XCBuildConfiguration;
			buildSettings = {
				ALWAYS_SEARCH_USER_PATHS = NO;
				CLANG_ANALYZER_NONNULL = YES;
				CLANG_ANALYZER_NUMBER_OBJECT_CONVERSION = YES_AGGRESSIVE;
				CLANG_CXX_LANGUAGE_STANDARD = "gnu++20";
				CLANG_ENABLE_MODULES = YES;
				CLANG_ENABLE_OBJC_ARC = YES;
				CLANG_ENABLE_OBJC_WEAK = YES;
				CLANG_WARN_BLOCK_CAPTURE_AUTORELEASING = YES;
				CLANG_WARN_BOOL_CONVERSION = YES;
				CLANG_WARN_COMMA = YES;
				CLANG_WARN_CONSTANT_CONVERSION = YES;
				CLANG_WARN_DEPRECATED_OBJC_IMPLEMENTATIONS = YES;
				CLANG_WARN_DIRECT_OBJC_ISA_USAGE = YES_ERROR;
				CLANG_WARN_DOCUMENTATION_COMMENTS = YES;
				CLANG_WARN_EMPTY_BODY = YES;
				CLANG_WARN_ENUM_CONVERSION = YES;
				CLANG_WARN_INFINITE_RECURSION = YES;
				CLANG_WARN_INT_CONVERSION = YES;
				CLANG_WARN_NON_LITERAL_NULL_CONVERSION = YES;
				CLANG_WARN_OBJC_IMPLICIT_RETAIN_SELF = YES;
				CLANG_WARN_OBJC_LITERAL_CONVERSION = YES;
				CLANG_WARN_OBJC_ROOT_CLASS = YES_ERROR;
				CLANG_WARN_QUOTED_INCLUDE_IN_FRAMEWORK_HEADER = YES;
				CLANG_WARN_RANGE_LOOP_ANALYSIS = YES;
				CLANG_WARN_STRICT_PROTOTYPES = YES;
				CLANG_WARN_SUSPICIOUS_MOVE = YES;
				CLANG_WARN_UNGUARDED_AVAILABILITY = YES_AGGRESSIVE;
				CLANG_WARN_UNREACHABLE_CODE = YES;
				CLANG_WARN__DUPLICATE_METHOD_MATCH = YES;
				COPY_PHASE_STRIP = NO;
				DEBUG_INFORMATION_FORMAT = "dwarf-with-dsym";
				ENABLE_NS_ASSERTIONS = NO;
				ENABLE_STRICT_OBJC_MSGSEND = YES;
				GCC_C_LANGUAGE_STANDARD = gnu11;
				GCC_NO_COMMON_BLOCKS = YES;
				GCC_WARN_64_TO_32_BIT_CONVERSION = YES;
				GCC_WARN_ABOUT_RETURN_TYPE = YES_ERROR;
				GCC_WARN_UNDECLARED_SELECTOR = YES;
				GCC_WARN_UNINITIALIZED_AUTOS = YES_AGGRESSIVE;
				GCC_WARN_UNUSED_FUNCTION = YES;
				GCC_WARN_UNUSED_VARIABLE = YES;
				IPHONEOS_DEPLOYMENT_TARGET = 14.0;
				MTL_ENABLE_DEBUG_INFO = NO;
				MTL_FAST_MATH = YES;
				SDKROOT = iphoneos;
				SWIFT_COMPILATION_MODE = wholemodule;
				SWIFT_OPTIMIZATION_LEVEL = "-O";
				VALIDATE_PRODUCT = YES;
			};
			name = Release;
		};
		E75A3B0C2C98203D00981E69 /* Debug */ = {
			isa = XCBuildConfiguration;
			buildSettings = {
				ASSETCATALOG_COMPILER_APPICON_NAME = AppIcon;
				ASSETCATALOG_COMPILER_GLOBAL_ACCENT_COLOR_NAME = AccentColor;
				CODE_SIGN_STYLE = Automatic;
				CURRENT_PROJECT_VERSION = 1;
				DEVELOPMENT_ASSET_PATHS = "\"PhotoEditor/Preview Content\"";
				ENABLE_PREVIEWS = YES;
				GENERATE_INFOPLIST_FILE = YES;
				INFOPLIST_FILE = PhotoEditor/Info.plist;
				INFOPLIST_KEY_UIApplicationSceneManifest_Generation = YES;
				INFOPLIST_KEY_UIApplicationSupportsIndirectInputEvents = YES;
				INFOPLIST_KEY_UILaunchScreen_Generation = YES;
				INFOPLIST_KEY_UISupportedInterfaceOrientations_iPad = "UIInterfaceOrientationPortrait UIInterfaceOrientationPortraitUpsideDown UIInterfaceOrientationLandscapeLeft UIInterfaceOrientationLandscapeRight";
				INFOPLIST_KEY_UISupportedInterfaceOrientations_iPhone = "UIInterfaceOrientationPortrait UIInterfaceOrientationLandscapeLeft UIInterfaceOrientationLandscapeRight";
				IPHONEOS_DEPLOYMENT_TARGET = 14.0;
				LD_RUNPATH_SEARCH_PATHS = (
					"$(inherited)",
					"@executable_path/Frameworks",
				);
				MARKETING_VERSION = 1.0;
				PRODUCT_BUNDLE_IDENTIFIER = "-2121.PhotoEditor";
				PRODUCT_NAME = "$(TARGET_NAME)";
				SUPPORTED_PLATFORMS = "iphoneos iphonesimulator";
				SUPPORTS_MACCATALYST = NO;
				SUPPORTS_MAC_DESIGNED_FOR_IPHONE_IPAD = NO;
				SWIFT_EMIT_LOC_STRINGS = YES;
				SWIFT_VERSION = 5.0;
				TARGETED_DEVICE_FAMILY = 1;
			};
			name = Debug;
		};
		E75A3B0D2C98203D00981E69 /* Release */ = {
			isa = XCBuildConfiguration;
			buildSettings = {
				ASSETCATALOG_COMPILER_APPICON_NAME = AppIcon;
				ASSETCATALOG_COMPILER_GLOBAL_ACCENT_COLOR_NAME = AccentColor;
				CODE_SIGN_STYLE = Automatic;
				CURRENT_PROJECT_VERSION = 1;
				DEVELOPMENT_ASSET_PATHS = "\"PhotoEditor/Preview Content\"";
				ENABLE_PREVIEWS = YES;
				GENERATE_INFOPLIST_FILE = YES;
				INFOPLIST_FILE = PhotoEditor/Info.plist;
				INFOPLIST_KEY_UIApplicationSceneManifest_Generation = YES;
				INFOPLIST_KEY_UIApplicationSupportsIndirectInputEvents = YES;
				INFOPLIST_KEY_UILaunchScreen_Generation = YES;
				INFOPLIST_KEY_UISupportedInterfaceOrientations_iPad = "UIInterfaceOrientationPortrait UIInterfaceOrientationPortraitUpsideDown UIInterfaceOrientationLandscapeLeft UIInterfaceOrientationLandscapeRight";
				INFOPLIST_KEY_UISupportedInterfaceOrientations_iPhone = "UIInterfaceOrientationPortrait UIInterfaceOrientationLandscapeLeft UIInterfaceOrientationLandscapeRight";
				IPHONEOS_DEPLOYMENT_TARGET = 14.0;
				LD_RUNPATH_SEARCH_PATHS = (
					"$(inherited)",
					"@executable_path/Frameworks",
				);
				MARKETING_VERSION = 1.0;
				PRODUCT_BUNDLE_IDENTIFIER = "-2121.PhotoEditor";
				PRODUCT_NAME = "$(TARGET_NAME)";
				SUPPORTED_PLATFORMS = "iphoneos iphonesimulator";
				SUPPORTS_MACCATALYST = NO;
				SUPPORTS_MAC_DESIGNED_FOR_IPHONE_IPAD = NO;
				SWIFT_EMIT_LOC_STRINGS = YES;
				SWIFT_VERSION = 5.0;
				TARGETED_DEVICE_FAMILY = 1;
			};
			name = Release;
		};
/* End XCBuildConfiguration section */

/* Begin XCConfigurationList section */
		E75A3AF82C98203B00981E69 /* Build configuration list for PBXProject "PhotoEditor" */ = {
			isa = XCConfigurationList;
			buildConfigurations = (
				E75A3B092C98203D00981E69 /* Debug */,
				E75A3B0A2C98203D00981E69 /* Release */,
			);
			defaultConfigurationIsVisible = 0;
			defaultConfigurationName = Release;
		};
		E75A3B0B2C98203D00981E69 /* Build configuration list for PBXNativeTarget "PhotoEditor" */ = {
			isa = XCConfigurationList;
			buildConfigurations = (
				E75A3B0C2C98203D00981E69 /* Debug */,
				E75A3B0D2C98203D00981E69 /* Release */,
			);
			defaultConfigurationIsVisible = 0;
			defaultConfigurationName = Release;
		};
/* End XCConfigurationList section */

/* Begin XCRemoteSwiftPackageReference section */
		E7BB9EAA2C9AC70B00BFCD03 /* XCRemoteSwiftPackageReference "firebase-ios-sdk" */ = {
			isa = XCRemoteSwiftPackageReference;
			repositoryURL = "https://github.com/firebase/firebase-ios-sdk";
			requirement = {
				kind = upToNextMajorVersion;
				minimumVersion = 9.0.0;
			};
		};
		E7BB9EB52C9AC86D00BFCD03 /* XCRemoteSwiftPackageReference "GoogleSignIn-iOS" */ = {
			isa = XCRemoteSwiftPackageReference;
			repositoryURL = "https://github.com/google/GoogleSignIn-iOS.git";
			requirement = {
				kind = upToNextMajorVersion;
				minimumVersion = 7.0.0;
			};
		};
/* End XCRemoteSwiftPackageReference section */

/* Begin XCSwiftPackageProductDependency section */
		E7BB9EAB2C9AC70B00BFCD03 /* FirebaseAuth */ = {
			isa = XCSwiftPackageProductDependency;
			package = E7BB9EAA2C9AC70B00BFCD03 /* XCRemoteSwiftPackageReference "firebase-ios-sdk" */;
			productName = FirebaseAuth;
		};
		E7BB9EAD2C9AC70B00BFCD03 /* FirebaseAuthCombine-Community */ = {
			isa = XCSwiftPackageProductDependency;
			package = E7BB9EAA2C9AC70B00BFCD03 /* XCRemoteSwiftPackageReference "firebase-ios-sdk" */;
			productName = "FirebaseAuthCombine-Community";
		};
		E7BB9EAF2C9AC70B00BFCD03 /* FirebaseDatabase */ = {
			isa = XCSwiftPackageProductDependency;
			package = E7BB9EAA2C9AC70B00BFCD03 /* XCRemoteSwiftPackageReference "firebase-ios-sdk" */;
			productName = FirebaseDatabase;
		};
		E7BB9EB12C9AC70B00BFCD03 /* FirebaseFirestore */ = {
			isa = XCSwiftPackageProductDependency;
			package = E7BB9EAA2C9AC70B00BFCD03 /* XCRemoteSwiftPackageReference "firebase-ios-sdk" */;
			productName = FirebaseFirestore;
		};
		E7BB9EB32C9AC70B00BFCD03 /* FirebaseStorage */ = {
			isa = XCSwiftPackageProductDependency;
			package = E7BB9EAA2C9AC70B00BFCD03 /* XCRemoteSwiftPackageReference "firebase-ios-sdk" */;
			productName = FirebaseStorage;
		};
		E7BB9EB62C9AC86D00BFCD03 /* GoogleSignIn */ = {
			isa = XCSwiftPackageProductDependency;
			package = E7BB9EB52C9AC86D00BFCD03 /* XCRemoteSwiftPackageReference "GoogleSignIn-iOS" */;
			productName = GoogleSignIn;
		};
		E7BB9EB82C9AC86D00BFCD03 /* GoogleSignInSwift */ = {
			isa = XCSwiftPackageProductDependency;
			package = E7BB9EB52C9AC86D00BFCD03 /* XCRemoteSwiftPackageReference "GoogleSignIn-iOS" */;
			productName = GoogleSignInSwift;
		};
		E7ED081F2C9BA16600579534 /* UIComponents */ = {
			isa = XCSwiftPackageProductDependency;
			productName = UIComponents;
		};
/* End XCSwiftPackageProductDependency section */
	};
	rootObject = E75A3AF52C98203B00981E69 /* Project object */;
}
